
Microsoft Visual Studio Solution File, Format Version 12.00
# Visual Studio Version 16
VisualStudioVersion = 16.0.28803.352
MinimumVisualStudioVersion = 10.0.40219.1
Project("{FAE04EC0-301F-11D3-BF4B-00C04F79EFBC}") = "StudentBase", "StudentBase\StudentBase.csproj", "{78B5250F-A025-460A-BCE3-4F89300AF14B}"
EndProject
Project("{FAE04EC0-301F-11D3-BF4B-00C04F79EFBC}") = "StudentForm", "StudentForm\StudentForm.csproj", "{47507C0B-E6B0-4F8B-92D0-D4A2C33AB22D}"
EndProject
Global
	GlobalSection(SolutionConfigurationPlatforms) = preSolution
		Debug|Any CPU = Debug|Any CPU
		Release|Any CPU = Release|Any CPU
	EndGlobalSection
	GlobalSection(ProjectConfigurationPlatforms) = postSolution
		{78B5250F-A025-460A-BCE3-4F89300AF14B}.Debug|Any CPU.ActiveCfg = Debug|Any CPU
		{78B5250F-A025-460A-BCE3-4F89300AF14B}.Debug|Any CPU.Build.0 = Debug|Any CPU
		{78B5250F-A025-460A-BCE3-4F89300AF14B}.Release|Any CPU.ActiveCfg = Release|Any CPU
		{78B5250F-A025-460A-BCE3-4F89300AF14B}.Release|Any CPU.Build.0 = Release|Any CPU
		{47507C0B-E6B0-4F8B-92D0-D4A2C33AB22D}.Debug|Any CPU.ActiveCfg = Debug|Any CPU
		{47507C0B-E6B0-4F8B-92D0-D4A2C33AB22D}.Debug|Any CPU.Build.0 = Debug|Any CPU
		{47507C0B-E6B0-4F8B-92D0-D4A2C33AB22D}.Release|Any CPU.ActiveCfg = Release|Any CPU
		{47507C0B-E6B0-4F8B-92D0-D4A2C33AB22D}.Release|Any CPU.Build.0 = Release|Any CPU
	EndGlobalSection
	GlobalSection(SolutionProperties) = preSolution
		HideSolutionNode = FALSE
	EndGlobalSection
	GlobalSection(ExtensibilityGlobals) = postSolution
		SolutionGuid = {204B0D3C-C6C3-4ECF-91B1-9C9C587F06EA}
	EndGlobalSection
EndGlobal
